
Microsoft Visual Studio Solution File, Format Version 12.00
# Visual Studio Version 17
VisualStudioVersion = 17.11.35208.52
MinimumVisualStudioVersion = 10.0.40219.1
Project("{9A19103F-16F7-4668-BE54-9A1E7A4F7556}") = "Factory", "Factory\Factory.csproj", "{3CE4444E-F831-4DEC-8318-E79A6A6066CA}"
EndProject
Project("{9A19103F-16F7-4668-BE54-9A1E7A4F7556}") = "SingletonVault", "SingletonVault\SingletonVault.csproj", "{4832F4CB-D803-4448-8102-BBAEA29F0102}"
EndProject
Project("{9A19103F-16F7-4668-BE54-9A1E7A4F7556}") = "WarriorBuilder", "WarriorBuilder\WarriorBuilder.csproj", "{F46C02A3-9E7D-4954-ADA3-EFAB9A8F2579}"
EndProject
Project("{9A19103F-16F7-4668-BE54-9A1E7A4F7556}") = "CodeSmells", "CH01_CodeSmells\CodeSmells.csproj", "{2DCC377B-6C5F-422A-B194-047B96E02B7A}"
EndProject
Project("{9A19103F-16F7-4668-BE54-9A1E7A4F7556}") = "Prototype", "Prototype\Prototype.csproj", "{7180A289-F219-438D-9B5A-1FB64BC55CC4}"
EndProject
Project("{9A19103F-16F7-4668-BE54-9A1E7A4F7556}") = "WeatherApiFacade", "WeatherApiFacade\WeatherApiFacade.csproj", "{E3756D8E-5FAB-41BC-A8F1-6F5E49E66C6F}"
EndProject
Project("{9A19103F-16F7-4668-BE54-9A1E7A4F7556}") = "Proxy", "Proxy\Proxy.csproj", "{B4AEDDCE-BC88-4F04-A786-61F4CEAF75FB}"
EndProject
Project("{9A19103F-16F7-4668-BE54-9A1E7A4F7556}") = "Adapter", "Adapter\Adapter.csproj", "{CB8878C5-139D-4CF7-9037-2616798C727F}"
EndProject
Project("{9A19103F-16F7-4668-BE54-9A1E7A4F7556}") = "Bridge", "Bridge\Bridge.csproj", "{6E9298F7-8495-4BFC-89E2-F28589EE1EFB}"
EndProject
Project("{FAE04EC0-301F-11D3-BF4B-00C04F79EFBC}") = "Decorator", "Decorator\Decorator.csproj", "{6BEDAE6E-593D-4A60-A1B3-C35A3A75325A}"
EndProject
Project("{FAE04EC0-301F-11D3-BF4B-00C04F79EFBC}") = "Composite", "Composite\Composite.csproj", "{B608311C-11E4-4EFE-8332-737CFB3ADEC6}"
EndProject
Project("{FAE04EC0-301F-11D3-BF4B-00C04F79EFBC}") = "Flyweight", "Flyweight\Flyweight.csproj", "{57D44908-EA94-4381-A96C-83AEEB173B8B}"
EndProject
Global
	GlobalSection(SolutionConfigurationPlatforms) = preSolution
		Debug|Any CPU = Debug|Any CPU
		Release|Any CPU = Release|Any CPU
	EndGlobalSection
	GlobalSection(ProjectConfigurationPlatforms) = postSolution
		{3CE4444E-F831-4DEC-8318-E79A6A6066CA}.Debug|Any CPU.ActiveCfg = Debug|Any CPU
		{3CE4444E-F831-4DEC-8318-E79A6A6066CA}.Debug|Any CPU.Build.0 = Debug|Any CPU
		{3CE4444E-F831-4DEC-8318-E79A6A6066CA}.Release|Any CPU.ActiveCfg = Release|Any CPU
		{3CE4444E-F831-4DEC-8318-E79A6A6066CA}.Release|Any CPU.Build.0 = Release|Any CPU
		{4832F4CB-D803-4448-8102-BBAEA29F0102}.Debug|Any CPU.ActiveCfg = Debug|Any CPU
		{4832F4CB-D803-4448-8102-BBAEA29F0102}.Debug|Any CPU.Build.0 = Debug|Any CPU
		{4832F4CB-D803-4448-8102-BBAEA29F0102}.Release|Any CPU.ActiveCfg = Release|Any CPU
		{4832F4CB-D803-4448-8102-BBAEA29F0102}.Release|Any CPU.Build.0 = Release|Any CPU
		{F46C02A3-9E7D-4954-ADA3-EFAB9A8F2579}.Debug|Any CPU.ActiveCfg = Debug|Any CPU
		{F46C02A3-9E7D-4954-ADA3-EFAB9A8F2579}.Debug|Any CPU.Build.0 = Debug|Any CPU
		{F46C02A3-9E7D-4954-ADA3-EFAB9A8F2579}.Release|Any CPU.ActiveCfg = Release|Any CPU
		{F46C02A3-9E7D-4954-ADA3-EFAB9A8F2579}.Release|Any CPU.Build.0 = Release|Any CPU
		{2DCC377B-6C5F-422A-B194-047B96E02B7A}.Debug|Any CPU.ActiveCfg = Debug|Any CPU
		{2DCC377B-6C5F-422A-B194-047B96E02B7A}.Debug|Any CPU.Build.0 = Debug|Any CPU
		{2DCC377B-6C5F-422A-B194-047B96E02B7A}.Release|Any CPU.ActiveCfg = Release|Any CPU
		{2DCC377B-6C5F-422A-B194-047B96E02B7A}.Release|Any CPU.Build.0 = Release|Any CPU
		{7180A289-F219-438D-9B5A-1FB64BC55CC4}.Debug|Any CPU.ActiveCfg = Debug|Any CPU
		{7180A289-F219-438D-9B5A-1FB64BC55CC4}.Debug|Any CPU.Build.0 = Debug|Any CPU
		{7180A289-F219-438D-9B5A-1FB64BC55CC4}.Release|Any CPU.ActiveCfg = Release|Any CPU
		{7180A289-F219-438D-9B5A-1FB64BC55CC4}.Release|Any CPU.Build.0 = Release|Any CPU
		{E3756D8E-5FAB-41BC-A8F1-6F5E49E66C6F}.Debug|Any CPU.ActiveCfg = Debug|Any CPU
		{E3756D8E-5FAB-41BC-A8F1-6F5E49E66C6F}.Debug|Any CPU.Build.0 = Debug|Any CPU
		{E3756D8E-5FAB-41BC-A8F1-6F5E49E66C6F}.Release|Any CPU.ActiveCfg = Release|Any CPU
		{E3756D8E-5FAB-41BC-A8F1-6F5E49E66C6F}.Release|Any CPU.Build.0 = Release|Any CPU
		{B4AEDDCE-BC88-4F04-A786-61F4CEAF75FB}.Debug|Any CPU.ActiveCfg = Debug|Any CPU
		{B4AEDDCE-BC88-4F04-A786-61F4CEAF75FB}.Debug|Any CPU.Build.0 = Debug|Any CPU
		{B4AEDDCE-BC88-4F04-A786-61F4CEAF75FB}.Release|Any CPU.ActiveCfg = Release|Any CPU
		{B4AEDDCE-BC88-4F04-A786-61F4CEAF75FB}.Release|Any CPU.Build.0 = Release|Any CPU
		{CB8878C5-139D-4CF7-9037-2616798C727F}.Debug|Any CPU.ActiveCfg = Debug|Any CPU
		{CB8878C5-139D-4CF7-9037-2616798C727F}.Debug|Any CPU.Build.0 = Debug|Any CPU
		{CB8878C5-139D-4CF7-9037-2616798C727F}.Release|Any CPU.ActiveCfg = Release|Any CPU
		{CB8878C5-139D-4CF7-9037-2616798C727F}.Release|Any CPU.Build.0 = Release|Any CPU
		{6E9298F7-8495-4BFC-89E2-F28589EE1EFB}.Debug|Any CPU.ActiveCfg = Debug|Any CPU
		{6E9298F7-8495-4BFC-89E2-F28589EE1EFB}.Debug|Any CPU.Build.0 = Debug|Any CPU
		{6E9298F7-8495-4BFC-89E2-F28589EE1EFB}.Release|Any CPU.ActiveCfg = Release|Any CPU
		{6E9298F7-8495-4BFC-89E2-F28589EE1EFB}.Release|Any CPU.Build.0 = Release|Any CPU
		{6BEDAE6E-593D-4A60-A1B3-C35A3A75325A}.Debug|Any CPU.ActiveCfg = Debug|Any CPU
		{6BEDAE6E-593D-4A60-A1B3-C35A3A75325A}.Debug|Any CPU.Build.0 = Debug|Any CPU
		{6BEDAE6E-593D-4A60-A1B3-C35A3A75325A}.Release|Any CPU.ActiveCfg = Release|Any CPU
		{6BEDAE6E-593D-4A60-A1B3-C35A3A75325A}.Release|Any CPU.Build.0 = Release|Any CPU
		{B608311C-11E4-4EFE-8332-737CFB3ADEC6}.Debug|Any CPU.ActiveCfg = Debug|Any CPU
		{B608311C-11E4-4EFE-8332-737CFB3ADEC6}.Debug|Any CPU.Build.0 = Debug|Any CPU
		{B608311C-11E4-4EFE-8332-737CFB3ADEC6}.Release|Any CPU.ActiveCfg = Release|Any CPU
		{B608311C-11E4-4EFE-8332-737CFB3ADEC6}.Release|Any CPU.Build.0 = Release|Any CPU
		{57D44908-EA94-4381-A96C-83AEEB173B8B}.Debug|Any CPU.ActiveCfg = Debug|Any CPU
		{57D44908-EA94-4381-A96C-83AEEB173B8B}.Debug|Any CPU.Build.0 = Debug|Any CPU
		{57D44908-EA94-4381-A96C-83AEEB173B8B}.Release|Any CPU.ActiveCfg = Release|Any CPU
		{57D44908-EA94-4381-A96C-83AEEB173B8B}.Release|Any CPU.Build.0 = Release|Any CPU
	EndGlobalSection
	GlobalSection(SolutionProperties) = preSolution
		HideSolutionNode = FALSE
	EndGlobalSection
	GlobalSection(ExtensibilityGlobals) = postSolution
		SolutionGuid = {4F576EBB-317C-4F2B-806C-361C28CE38BB}
	EndGlobalSection
EndGlobal
